
Microsoft Visual Studio Solution File, Format Version 12.00
# Visual Studio Version 17
VisualStudioVersion = 17.1.32421.90
MinimumVisualStudioVersion = 10.0.40219.1
Project("{2150E333-8FDC-42A3-9474-1A3956D46DE8}") = "src", "src", "{63EA2627-6E29-4CBE-85BF-899909DA21B3}"
EndProject
Project("{2150E333-8FDC-42A3-9474-1A3956D46DE8}") = "common", "common", "{AD3EC936-B848-415D-B78A-2AAC012DD018}"
	ProjectSection(SolutionItems) = preProject
		.gitignore = .gitignore
	EndProjectSection
EndProject
Project("{2150E333-8FDC-42A3-9474-1A3956D46DE8}") = "deployment", "deployment", "{B8411028-FFAC-445A-B414-A8F7E14199FA}"
	ProjectSection(SolutionItems) = preProject
		docker-compose.yml = docker-compose.yml
		Dockerfile = Dockerfile
	EndProjectSection
EndProject
Project("{FAE04EC0-301F-11D3-BF4B-00C04F79EFBC}") = "MatchActors", "MatchActors\MatchActors.csproj", "{53E2026E-980C-401E-A879-D427181BF3DF}"
EndProject
Global
	GlobalSection(SolutionConfigurationPlatforms) = preSolution
		Debug|Any CPU = Debug|Any CPU
		Release|Any CPU = Release|Any CPU
	EndGlobalSection
	GlobalSection(ProjectConfigurationPlatforms) = postSolution
		{53E2026E-980C-401E-A879-D427181BF3DF}.Debug|Any CPU.ActiveCfg = Debug|Any CPU
		{53E2026E-980C-401E-A879-D427181BF3DF}.Debug|Any CPU.Build.0 = Debug|Any CPU
		{53E2026E-980C-401E-A879-D427181BF3DF}.Release|Any CPU.ActiveCfg = Release|Any CPU
		{53E2026E-980C-401E-A879-D427181BF3DF}.Release|Any CPU.Build.0 = Release|Any CPU
	EndGlobalSection
	GlobalSection(SolutionProperties) = preSolution
		HideSolutionNode = FALSE
	EndGlobalSection
	GlobalSection(NestedProjects) = preSolution
		{B8411028-FFAC-445A-B414-A8F7E14199FA} = {AD3EC936-B848-415D-B78A-2AAC012DD018}
		{53E2026E-980C-401E-A879-D427181BF3DF} = {63EA2627-6E29-4CBE-85BF-899909DA21B3}
	EndGlobalSection
	GlobalSection(ExtensibilityGlobals) = postSolution
		SolutionGuid = {88C19BD4-0734-4F31-B453-E499E33B2D1E}
	EndGlobalSection
EndGlobal
